
Microsoft Visual Studio Solution File, Format Version 12.00
# Visual Studio Version 17
VisualStudioVersion = 17.1.32120.378
MinimumVisualStudioVersion = 10.0.40219.1
Project("{9A19103F-16F7-4668-BE54-9A1E7A4F7556}") = "HubmapProject", "HubmapProject\HubmapProject.csproj", "{167ACCC0-86F8-46D7-820B-7C91BE5BF49E}"
EndProject
Project("{FAE04EC0-301F-11D3-BF4B-00C04F79EFBC}") = "HubmapTests", "HummapTests\HubmapTests.csproj", "{FBC6035C-8E56-47F3-AE0C-788F9C2B443C}"
EndProject
Global
	GlobalSection(SolutionConfigurationPlatforms) = preSolution
		Debug|Any CPU = Debug|Any CPU
		Release|Any CPU = Release|Any CPU
	EndGlobalSection
	GlobalSection(ProjectConfigurationPlatforms) = postSolution
		{167ACCC0-86F8-46D7-820B-7C91BE5BF49E}.Debug|Any CPU.ActiveCfg = Debug|Any CPU
		{167ACCC0-86F8-46D7-820B-7C91BE5BF49E}.Debug|Any CPU.Build.0 = Debug|Any CPU
		{167ACCC0-86F8-46D7-820B-7C91BE5BF49E}.Release|Any CPU.ActiveCfg = Release|Any CPU
		{167ACCC0-86F8-46D7-820B-7C91BE5BF49E}.Release|Any CPU.Build.0 = Release|Any CPU
		{FBC6035C-8E56-47F3-AE0C-788F9C2B443C}.Debug|Any CPU.ActiveCfg = Debug|Any CPU
		{FBC6035C-8E56-47F3-AE0C-788F9C2B443C}.Debug|Any CPU.Build.0 = Debug|Any CPU
		{FBC6035C-8E56-47F3-AE0C-788F9C2B443C}.Release|Any CPU.ActiveCfg = Release|Any CPU
		{FBC6035C-8E56-47F3-AE0C-788F9C2B443C}.Release|Any CPU.Build.0 = Release|Any CPU
	EndGlobalSection
	GlobalSection(SolutionProperties) = preSolution
		HideSolutionNode = FALSE
	EndGlobalSection
	GlobalSection(ExtensibilityGlobals) = postSolution
		SolutionGuid = {D53E1325-7B28-4DF5-A134-C1CA4C273365}
	EndGlobalSection
EndGlobal
