
Microsoft Visual Studio Solution File, Format Version 12.00
# Visual Studio Version 17
VisualStudioVersion = 17.0.31717.71
MinimumVisualStudioVersion = 10.0.40219.1
Project("{9A19103F-16F7-4668-BE54-9A1E7A4F7556}") = "HubmapMudblazorApp", "HubmapMudblazorApp.csproj", "{90FA65DB-73AB-48C0-9CD7-672CAB757AB3}"
EndProject
Global
	GlobalSection(SolutionConfigurationPlatforms) = preSolution
		Debug|Any CPU = Debug|Any CPU
		Release|Any CPU = Release|Any CPU
	EndGlobalSection
	GlobalSection(ProjectConfigurationPlatforms) = postSolution
		{90FA65DB-73AB-48C0-9CD7-672CAB757AB3}.Debug|Any CPU.ActiveCfg = Debug|Any CPU
		{90FA65DB-73AB-48C0-9CD7-672CAB757AB3}.Debug|Any CPU.Build.0 = Debug|Any CPU
		{90FA65DB-73AB-48C0-9CD7-672CAB757AB3}.Release|Any CPU.ActiveCfg = Release|Any CPU
		{90FA65DB-73AB-48C0-9CD7-672CAB757AB3}.Release|Any CPU.Build.0 = Release|Any CPU
	EndGlobalSection
	GlobalSection(SolutionProperties) = preSolution
		HideSolutionNode = FALSE
	EndGlobalSection
	GlobalSection(ExtensibilityGlobals) = postSolution
		SolutionGuid = {42FE9DE6-F7C3-4315-BDFE-2964AA5C54D3}
	EndGlobalSection
EndGlobal